{
  "name": "webext-bridge-bug",
  "version": "1.0.0",
  "lockfileVersion": 2,
  "requires": true,
  "packages": {
    "": {
      "name": "webext-bridge-bug",
      "version": "1.0.0",
      "license": "ISC",
      "dependencies": {
        "webext-bridge": "^6.0.0-rc3"
      }
    },
    "node_modules/@types/webextension-polyfill": {
      "version": "0.8.3",
      "resolved": "https://registry.npmjs.org/@types/webextension-polyfill/-/webextension-polyfill-0.8.3.tgz",
      "integrity": "sha512-GN+Hjzy9mXjWoXKmaicTegv3FJ0WFZ3aYz77Wk8TMp1IY3vEzvzj1vnsa0ggV7vMI1i+PUxe4qqnIJKCzf9aTg=="
    },
    "node_modules/nanoevents": {
      "version": "6.0.2",
      "resolved": "https://registry.npmjs.org/nanoevents/-/nanoevents-6.0.2.tgz",
      "integrity": "sha512-FRS2otuFcPPYDPYViNWQ42+1iZqbXydinkRHTHFxrF4a1CpBfmydR9zkI44WSXAXCyPrkcGtPk5CnpW6Y3lFKQ==",
      "engines": {
        "node": "^12.0.0 || ^14.0.0 || >=16.0.0"
      }
    },
    "node_modules/serialize-error": {
      "version": "9.1.1",
      "resolved": "https://registry.npmjs.org/serialize-error/-/serialize-error-9.1.1.tgz",
      "integrity": "sha512-6uZQLGyUkNA4N+Zii9fYukmNu9PEA1F5rqcwXzN/3LtBjwl2dFBbVZ1Zyn08/CGkB4H440PIemdOQBt1Wvjbrg==",
      "dependencies": {
        "type-fest": "^2.5.3"
      },
      "engines": {
        "node": "^12.20.0 || ^14.13.1 || >=16.0.0"
      },
      "funding": {
        "url": "https://github.com/sponsors/sindresorhus"
      }
    },
    "node_modules/tiny-uid": {
      "version": "1.1.2",
      "resolved": "https://registry.npmjs.org/tiny-uid/-/tiny-uid-1.1.2.tgz",
      "integrity": "sha512-0beRFXR+fv4C40ND2PqgNjq6iyB1dKXciKJjslLw0kPYCcR82aNd2b+Tt2yy06LimIlvtoehgvrm/fUZCutSfg=="
    },
    "node_modules/type-fest": {
      "version": "2.19.0",
      "resolved": "https://registry.npmjs.org/type-fest/-/type-fest-2.19.0.tgz",
      "integrity": "sha512-RAH822pAdBgcNMAfWnCBU3CFZcfZ/i1eZjwFU/dsLKumyuuP3niueg2UAukXYF0E2AAoc82ZSSf9J0WQBinzHA==",
      "engines": {
        "node": ">=12.20"
      },
      "funding": {
        "url": "https://github.com/sponsors/sindresorhus"
      }
    },
    "node_modules/webext-bridge": {
      "version": "6.0.0-rc3",
      "resolved": "https://registry.npmjs.org/webext-bridge/-/webext-bridge-6.0.0-rc3.tgz",
      "integrity": "sha512-UIJWfUf3Z2Rq9JDsMSJv65DL5FqtaO40FRmFBoOiGNH7fLpiOjvVuzg5V/2lLJcnnDGLf4lmp8Y76pSapsa5Jw==",
      "dependencies": {
        "@types/webextension-polyfill": "^0.8.3",
        "nanoevents": "^6.0.2",
        "serialize-error": "^9.0.0",
        "tiny-uid": "^1.1.1",
        "webextension-polyfill": "^0.9.0"
      }
    },
    "node_modules/webextension-polyfill": {
      "version": "0.9.0",
      "resolved": "https://registry.npmjs.org/webextension-polyfill/-/webextension-polyfill-0.9.0.tgz",
      "integrity": "sha512-LTtHb0yR49xa9irkstDxba4GATDAcDw3ncnFH9RImoFwDlW47U95ME5sn5IiQX2ghfaECaf6xyXM8yvClIBkkw=="
    }
  },
  "dependencies": {
    "@types/webextension-polyfill": {
      "version": "0.8.3",
      "resolved": "https://registry.npmjs.org/@types/webextension-polyfill/-/webextension-polyfill-0.8.3.tgz",
      "integrity": "sha512-GN+Hjzy9mXjWoXKmaicTegv3FJ0WFZ3aYz77Wk8TMp1IY3vEzvzj1vnsa0ggV7vMI1i+PUxe4qqnIJKCzf9aTg=="
    },
    "nanoevents": {
      "version": "6.0.2",
      "resolved": "https://registry.npmjs.org/nanoevents/-/nanoevents-6.0.2.tgz",
      "integrity": "sha512-FRS2otuFcPPYDPYViNWQ42+1iZqbXydinkRHTHFxrF4a1CpBfmydR9zkI44WSXAXCyPrkcGtPk5CnpW6Y3lFKQ=="
    },
    "serialize-error": {
      "version": "9.1.1",
      "resolved": "https://registry.npmjs.org/serialize-error/-/serialize-error-9.1.1.tgz",
      "integrity": "sha512-6uZQLGyUkNA4N+Zii9fYukmNu9PEA1F5rqcwXzN/3LtBjwl2dFBbVZ1Zyn08/CGkB4H440PIemdOQBt1Wvjbrg==",
      "requires": {
        "type-fest": "^2.5.3"
      }
    },
    "tiny-uid": {
      "version": "1.1.2",
      "resolved": "https://registry.npmjs.org/tiny-uid/-/tiny-uid-1.1.2.tgz",
      "integrity": "sha512-0beRFXR+fv4C40ND2PqgNjq6iyB1dKXciKJjslLw0kPYCcR82aNd2b+Tt2yy06LimIlvtoehgvrm/fUZCutSfg=="
    },
    "type-fest": {
      "version": "2.19.0",
      "resolved": "https://registry.npmjs.org/type-fest/-/type-fest-2.19.0.tgz",
      "integrity": "sha512-RAH822pAdBgcNMAfWnCBU3CFZcfZ/i1eZjwFU/dsLKumyuuP3niueg2UAukXYF0E2AAoc82ZSSf9J0WQBinzHA=="
    },
    "webext-bridge": {
      "version": "6.0.0-rc3",
      "resolved": "https://registry.npmjs.org/webext-bridge/-/webext-bridge-6.0.0-rc3.tgz",
      "integrity": "sha512-UIJWfUf3Z2Rq9JDsMSJv65DL5FqtaO40FRmFBoOiGNH7fLpiOjvVuzg5V/2lLJcnnDGLf4lmp8Y76pSapsa5Jw==",
      "requires": {
        "@types/webextension-polyfill": "^0.8.3",
        "nanoevents": "^6.0.2",
        "serialize-error": "^9.0.0",
        "tiny-uid": "^1.1.1",
        "webextension-polyfill": "^0.9.0"
      }
    },
    "webextension-polyfill": {
      "version": "0.9.0",
      "resolved": "https://registry.npmjs.org/webextension-polyfill/-/webextension-polyfill-0.9.0.tgz",
      "integrity": "sha512-LTtHb0yR49xa9irkstDxba4GATDAcDw3ncnFH9RImoFwDlW47U95ME5sn5IiQX2ghfaECaf6xyXM8yvClIBkkw=="
    }
  }
}
